
Microsoft Visual Studio Solution File, Format Version 12.00
# Visual Studio Version 17
VisualStudioVersion = 17.5.33627.172
MinimumVisualStudioVersion = 10.0.40219.1
Project("{9A19103F-16F7-4668-BE54-9A1E7A4F7556}") = "LoanManagement.API", "LoanManagement\LoanManagement.API.csproj", "{D3A6D5ED-57FE-474E-A01B-AFE3C9F07322}"
EndProject
Project("{2150E333-8FDC-42A3-9474-1A3956D46DE8}") = "src", "src", "{2BF523E6-2997-4110-AEA6-5629B6F04C69}"
EndProject
Project("{2150E333-8FDC-42A3-9474-1A3956D46DE8}") = "Web Api", "Web Api", "{B0BAA6E6-4323-4FC8-B534-796B70E850B8}"
EndProject
Project("{2150E333-8FDC-42A3-9474-1A3956D46DE8}") = "Web Client", "Web Client", "{C27F0F4B-3915-4201-8E40-D10BC01CBCD7}"
EndProject
Project("{2150E333-8FDC-42A3-9474-1A3956D46DE8}") = "core", "core", "{5763AA4C-0658-4015-A3BA-C121622745A9}"
EndProject
Project("{2150E333-8FDC-42A3-9474-1A3956D46DE8}") = "microservices", "microservices", "{98287313-FC74-44B8-A9AD-DF7F952CCD0F}"
EndProject
Project("{9A19103F-16F7-4668-BE54-9A1E7A4F7556}") = "Constants", "Constants\Constants.csproj", "{7A051884-5EB1-4EA4-B053-3E3EBF014A50}"
EndProject
Project("{9A19103F-16F7-4668-BE54-9A1E7A4F7556}") = "CustomApiRessource", "CustomApiRessource\CustomApiRessource.csproj", "{A26435A1-3EBF-42F2-9045-49A0E5AB8ADA}"
EndProject
Project("{9A19103F-16F7-4668-BE54-9A1E7A4F7556}") = "LoggerService", "LoggerService\LoggerService.csproj", "{F22782D5-17E6-435D-A712-1B5486CF2F1D}"
EndProject
Project("{9A19103F-16F7-4668-BE54-9A1E7A4F7556}") = "Middleware", "Middleware\Middleware.csproj", "{42CAC424-E791-48E3-872B-F22A5864FB37}"
EndProject
Project("{2150E333-8FDC-42A3-9474-1A3956D46DE8}") = "LoanManagement.API", "LoanManagement.API", "{AA3EED98-BC33-446F-9348-0508306A28E6}"
EndProject
Project("{9A19103F-16F7-4668-BE54-9A1E7A4F7556}") = "LoanManagement.core", "LoanManagement.core\LoanManagement.core.csproj", "{8653482A-0EDE-4A90-AD18-EFAC7F0897E4}"
EndProject
Project("{9A19103F-16F7-4668-BE54-9A1E7A4F7556}") = "LoanManagement.service", "LoanManagement.service\LoanManagement.service.csproj", "{396D1EE4-F391-4E6F-B29F-CC60BCF83EDA}"
EndProject
Project("{9A19103F-16F7-4668-BE54-9A1E7A4F7556}") = "LoanManagement.Data.SqlServer", "LoanManagement.Data.SqlServer\LoanManagement.Data.SqlServer.csproj", "{25B416CE-0259-481F-98B4-1F546F5F7D29}"
EndProject
Project("{FAE04EC0-301F-11D3-BF4B-00C04F79EFBC}") = "LoanManagement.Client", "LoanManagement.Client\LoanManagement.Client.csproj", "{CEDE6356-F4B0-49C5-8DD6-4DCE18EDBB04}"
EndProject
Project("{9A19103F-16F7-4668-BE54-9A1E7A4F7556}") = "Constants", "..\Back-end\Back-end\Constants\Constants.csproj", "{C1D000FD-0921-40EC-A66C-FC7335AABC08}"
EndProject
Global
	GlobalSection(SolutionConfigurationPlatforms) = preSolution
		Debug|Any CPU = Debug|Any CPU
		Release|Any CPU = Release|Any CPU
	EndGlobalSection
	GlobalSection(ProjectConfigurationPlatforms) = postSolution
		{D3A6D5ED-57FE-474E-A01B-AFE3C9F07322}.Debug|Any CPU.ActiveCfg = Debug|Any CPU
		{D3A6D5ED-57FE-474E-A01B-AFE3C9F07322}.Debug|Any CPU.Build.0 = Debug|Any CPU
		{D3A6D5ED-57FE-474E-A01B-AFE3C9F07322}.Release|Any CPU.ActiveCfg = Release|Any CPU
		{D3A6D5ED-57FE-474E-A01B-AFE3C9F07322}.Release|Any CPU.Build.0 = Release|Any CPU
		{7A051884-5EB1-4EA4-B053-3E3EBF014A50}.Debug|Any CPU.ActiveCfg = Debug|Any CPU
		{7A051884-5EB1-4EA4-B053-3E3EBF014A50}.Debug|Any CPU.Build.0 = Debug|Any CPU
		{7A051884-5EB1-4EA4-B053-3E3EBF014A50}.Release|Any CPU.ActiveCfg = Release|Any CPU
		{7A051884-5EB1-4EA4-B053-3E3EBF014A50}.Release|Any CPU.Build.0 = Release|Any CPU
		{A26435A1-3EBF-42F2-9045-49A0E5AB8ADA}.Debug|Any CPU.ActiveCfg = Debug|Any CPU
		{A26435A1-3EBF-42F2-9045-49A0E5AB8ADA}.Debug|Any CPU.Build.0 = Debug|Any CPU
		{A26435A1-3EBF-42F2-9045-49A0E5AB8ADA}.Release|Any CPU.ActiveCfg = Release|Any CPU
		{A26435A1-3EBF-42F2-9045-49A0E5AB8ADA}.Release|Any CPU.Build.0 = Release|Any CPU
		{F22782D5-17E6-435D-A712-1B5486CF2F1D}.Debug|Any CPU.ActiveCfg = Debug|Any CPU
		{F22782D5-17E6-435D-A712-1B5486CF2F1D}.Debug|Any CPU.Build.0 = Debug|Any CPU
		{F22782D5-17E6-435D-A712-1B5486CF2F1D}.Release|Any CPU.ActiveCfg = Release|Any CPU
		{F22782D5-17E6-435D-A712-1B5486CF2F1D}.Release|Any CPU.Build.0 = Release|Any CPU
		{42CAC424-E791-48E3-872B-F22A5864FB37}.Debug|Any CPU.ActiveCfg = Debug|Any CPU
		{42CAC424-E791-48E3-872B-F22A5864FB37}.Debug|Any CPU.Build.0 = Debug|Any CPU
		{42CAC424-E791-48E3-872B-F22A5864FB37}.Release|Any CPU.ActiveCfg = Release|Any CPU
		{42CAC424-E791-48E3-872B-F22A5864FB37}.Release|Any CPU.Build.0 = Release|Any CPU
		{8653482A-0EDE-4A90-AD18-EFAC7F0897E4}.Debug|Any CPU.ActiveCfg = Debug|Any CPU
		{8653482A-0EDE-4A90-AD18-EFAC7F0897E4}.Debug|Any CPU.Build.0 = Debug|Any CPU
		{8653482A-0EDE-4A90-AD18-EFAC7F0897E4}.Release|Any CPU.ActiveCfg = Release|Any CPU
		{8653482A-0EDE-4A90-AD18-EFAC7F0897E4}.Release|Any CPU.Build.0 = Release|Any CPU
		{396D1EE4-F391-4E6F-B29F-CC60BCF83EDA}.Debug|Any CPU.ActiveCfg = Debug|Any CPU
		{396D1EE4-F391-4E6F-B29F-CC60BCF83EDA}.Debug|Any CPU.Build.0 = Debug|Any CPU
		{396D1EE4-F391-4E6F-B29F-CC60BCF83EDA}.Release|Any CPU.ActiveCfg = Release|Any CPU
		{396D1EE4-F391-4E6F-B29F-CC60BCF83EDA}.Release|Any CPU.Build.0 = Release|Any CPU
		{25B416CE-0259-481F-98B4-1F546F5F7D29}.Debug|Any CPU.ActiveCfg = Debug|Any CPU
		{25B416CE-0259-481F-98B4-1F546F5F7D29}.Debug|Any CPU.Build.0 = Debug|Any CPU
		{25B416CE-0259-481F-98B4-1F546F5F7D29}.Release|Any CPU.ActiveCfg = Release|Any CPU
		{25B416CE-0259-481F-98B4-1F546F5F7D29}.Release|Any CPU.Build.0 = Release|Any CPU
		{CEDE6356-F4B0-49C5-8DD6-4DCE18EDBB04}.Debug|Any CPU.ActiveCfg = Debug|Any CPU
		{CEDE6356-F4B0-49C5-8DD6-4DCE18EDBB04}.Debug|Any CPU.Build.0 = Debug|Any CPU
		{CEDE6356-F4B0-49C5-8DD6-4DCE18EDBB04}.Release|Any CPU.ActiveCfg = Release|Any CPU
		{CEDE6356-F4B0-49C5-8DD6-4DCE18EDBB04}.Release|Any CPU.Build.0 = Release|Any CPU
		{C1D000FD-0921-40EC-A66C-FC7335AABC08}.Debug|Any CPU.ActiveCfg = Debug|Any CPU
		{C1D000FD-0921-40EC-A66C-FC7335AABC08}.Debug|Any CPU.Build.0 = Debug|Any CPU
		{C1D000FD-0921-40EC-A66C-FC7335AABC08}.Release|Any CPU.ActiveCfg = Release|Any CPU
		{C1D000FD-0921-40EC-A66C-FC7335AABC08}.Release|Any CPU.Build.0 = Release|Any CPU
	EndGlobalSection
	GlobalSection(SolutionProperties) = preSolution
		HideSolutionNode = FALSE
	EndGlobalSection
	GlobalSection(NestedProjects) = preSolution
		{D3A6D5ED-57FE-474E-A01B-AFE3C9F07322} = {AA3EED98-BC33-446F-9348-0508306A28E6}
		{B0BAA6E6-4323-4FC8-B534-796B70E850B8} = {2BF523E6-2997-4110-AEA6-5629B6F04C69}
		{C27F0F4B-3915-4201-8E40-D10BC01CBCD7} = {2BF523E6-2997-4110-AEA6-5629B6F04C69}
		{5763AA4C-0658-4015-A3BA-C121622745A9} = {B0BAA6E6-4323-4FC8-B534-796B70E850B8}
		{98287313-FC74-44B8-A9AD-DF7F952CCD0F} = {B0BAA6E6-4323-4FC8-B534-796B70E850B8}
		{7A051884-5EB1-4EA4-B053-3E3EBF014A50} = {5763AA4C-0658-4015-A3BA-C121622745A9}
		{A26435A1-3EBF-42F2-9045-49A0E5AB8ADA} = {5763AA4C-0658-4015-A3BA-C121622745A9}
		{F22782D5-17E6-435D-A712-1B5486CF2F1D} = {5763AA4C-0658-4015-A3BA-C121622745A9}
		{42CAC424-E791-48E3-872B-F22A5864FB37} = {5763AA4C-0658-4015-A3BA-C121622745A9}
		{AA3EED98-BC33-446F-9348-0508306A28E6} = {98287313-FC74-44B8-A9AD-DF7F952CCD0F}
		{8653482A-0EDE-4A90-AD18-EFAC7F0897E4} = {AA3EED98-BC33-446F-9348-0508306A28E6}
		{396D1EE4-F391-4E6F-B29F-CC60BCF83EDA} = {AA3EED98-BC33-446F-9348-0508306A28E6}
		{25B416CE-0259-481F-98B4-1F546F5F7D29} = {AA3EED98-BC33-446F-9348-0508306A28E6}
		{CEDE6356-F4B0-49C5-8DD6-4DCE18EDBB04} = {C27F0F4B-3915-4201-8E40-D10BC01CBCD7}
		{C1D000FD-0921-40EC-A66C-FC7335AABC08} = {C27F0F4B-3915-4201-8E40-D10BC01CBCD7}
	EndGlobalSection
	GlobalSection(ExtensibilityGlobals) = postSolution
		SolutionGuid = {86F69890-5C0B-4E4E-AD4C-A7841C53CA55}
	EndGlobalSection
EndGlobal
